
Microsoft Visual Studio Solution File, Format Version 12.00
# Visual Studio Version 17
VisualStudioVersion = 17.2.32616.157
MinimumVisualStudioVersion = 10.0.40219.1
Project("{2150E333-8FDC-42A3-9474-1A3956D46DE8}") = "Acquisition", "Acquisition", "{49B3F03C-DC38-4E91-AD7C-B70500F3BFCA}"
EndProject
Project("{9A19103F-16F7-4668-BE54-9A1E7A4F7556}") = "FINCORE.HELPER.LIBRARY", "FINCORE.HELPER.LIBRARY\FINCORE.HELPER.LIBRARY.csproj", "{F91CC329-C502-44CE-97E2-0BAD2F35BAE8}"
EndProject
Project("{2150E333-8FDC-42A3-9474-1A3956D46DE8}") = "MinIAPI", "MinIAPI", "{7EE715EF-6F64-460A-A623-E47DC8B30CC8}"
EndProject
Project("{9A19103F-16F7-4668-BE54-9A1E7A4F7556}") = "FINCORE.SERVICE.MINIAPI", "FINCORE.SERVICE.MINIAPI\FINCORE.SERVICE.MINIAPI.csproj", "{D17EAEC6-BC12-4E3C-8C3F-9AA3FEB9C8E9}"
EndProject
Project("{9A19103F-16F7-4668-BE54-9A1E7A4F7556}") = "FINCORE.SERVICE.BPKB", "FINCORE.SERVICE.BPKB\FINCORE.SERVICE.BPKB.csproj", "{8C6B0370-2A4E-42A1-BA8B-62FB6ED63D11}"
EndProject
Project("{9A19103F-16F7-4668-BE54-9A1E7A4F7556}") = "FINCORE.SERVICE.VERTEL", "FINCORE.SERVICE.VERTEL\FINCORE.SERVICE.VERTEL.csproj", "{35D53684-B39F-462E-814F-BD645F5DAD1E}"
EndProject
Project("{9A19103F-16F7-4668-BE54-9A1E7A4F7556}") = "FINCORE.LIBRARY.DTO", "FINCORE.LIBRARY.DTO\FINCORE.LIBRARY.DTO.csproj", "{D65A5AFD-44C6-477E-972D-2596C1C5DCEA}"
EndProject
Project("{9A19103F-16F7-4668-BE54-9A1E7A4F7556}") = "FINCORE.SERVICE.MASTERS", "FINCORE.SERVICE.MASTERS\FINCORE.SERVICE.MASTERS.csproj", "{3495721F-DAF2-424B-B5F9-BBB634B5DA82}"
EndProject
Project("{9A19103F-16F7-4668-BE54-9A1E7A4F7556}") = "FINCORE.SERVICE.CREDITS", "FINCORE.SERVICE.CREDITS\FINCORE.SERVICE.CREDITS.csproj", "{5AD2E68C-8972-411D-AE97-62A63BB8CB8A}"
EndProject
Project("{2150E333-8FDC-42A3-9474-1A3956D46DE8}") = "Masters", "Masters", "{8A21981C-EC4E-4F69-B7E9-13F7D1F60910}"
EndProject
Project("{2150E333-8FDC-42A3-9474-1A3956D46DE8}") = "Reports", "Reports", "{E699F6AE-8BF8-4AEA-898A-634418789EE9}"
EndProject
Project("{9A19103F-16F7-4668-BE54-9A1E7A4F7556}") = "FINCORE.SERVICE.CA", "FINCORE.SERVICE.CA\FINCORE.SERVICE.CA.csproj", "{0471A3AA-9CF9-4404-A23D-60A6FA76986F}"
EndProject
Project("{9A19103F-16F7-4668-BE54-9A1E7A4F7556}") = "FINCORE.SERVICE.CM", "FINCORE.SERVICE.CM\FINCORE.SERVICE.CM.csproj", "{255299A0-9A84-4A5E-98D4-4C1147ED5ED3}"
EndProject
Project("{9A19103F-16F7-4668-BE54-9A1E7A4F7556}") = "FINCORE.SERVICE.NPP", "FINCORE.SERVICE.NPP\FINCORE.SERVICE.NPP.csproj", "{FF5744B0-B799-4FA7-B58E-D1BA86FD6DB4}"
EndProject
Project("{9A19103F-16F7-4668-BE54-9A1E7A4F7556}") = "FINCORE.SERVICE.REPORT", "FINCORE.SERVICE.REPORT\FINCORE.SERVICE.REPORT.csproj", "{0FA707B2-20CF-449E-919D-80871852A20B}"
EndProject
Project("{2150E333-8FDC-42A3-9474-1A3956D46DE8}") = "Payment", "Payment", "{BDB69044-E3F8-4A22-82B3-559C18DCC3A6}"
EndProject
Project("{9A19103F-16F7-4668-BE54-9A1E7A4F7556}") = "FINCORE.SERVICE.CSSESSION", "FINCORE.SERVICE.CSSESSION\FINCORE.SERVICE.CSSESSION.csproj", "{6E915300-EE6B-4ACF-98A0-E8CE02214520}"
EndProject
Project("{9A19103F-16F7-4668-BE54-9A1E7A4F7556}") = "FINCORE.SERVICE.OMA", "FINCORE.SERVICE.OMA\FINCORE.SERVICE.OMA.csproj", "{DFFA325F-AE0F-49C8-A5C9-EEE235A1BBEF}"
EndProject
Global
	GlobalSection(SolutionConfigurationPlatforms) = preSolution
		Debug|Any CPU = Debug|Any CPU
		Release|Any CPU = Release|Any CPU
		test|Any CPU = test|Any CPU
	EndGlobalSection
	GlobalSection(ProjectConfigurationPlatforms) = postSolution
		{F91CC329-C502-44CE-97E2-0BAD2F35BAE8}.Debug|Any CPU.ActiveCfg = Debug|Any CPU
		{F91CC329-C502-44CE-97E2-0BAD2F35BAE8}.Debug|Any CPU.Build.0 = Debug|Any CPU
		{F91CC329-C502-44CE-97E2-0BAD2F35BAE8}.Release|Any CPU.ActiveCfg = Release|Any CPU
		{F91CC329-C502-44CE-97E2-0BAD2F35BAE8}.Release|Any CPU.Build.0 = Release|Any CPU
		{F91CC329-C502-44CE-97E2-0BAD2F35BAE8}.test|Any CPU.ActiveCfg = Debug|Any CPU
		{F91CC329-C502-44CE-97E2-0BAD2F35BAE8}.test|Any CPU.Build.0 = Debug|Any CPU
		{D17EAEC6-BC12-4E3C-8C3F-9AA3FEB9C8E9}.Debug|Any CPU.ActiveCfg = Debug|Any CPU
		{D17EAEC6-BC12-4E3C-8C3F-9AA3FEB9C8E9}.Debug|Any CPU.Build.0 = Debug|Any CPU
		{D17EAEC6-BC12-4E3C-8C3F-9AA3FEB9C8E9}.Release|Any CPU.ActiveCfg = Release|Any CPU
		{D17EAEC6-BC12-4E3C-8C3F-9AA3FEB9C8E9}.Release|Any CPU.Build.0 = Release|Any CPU
		{D17EAEC6-BC12-4E3C-8C3F-9AA3FEB9C8E9}.test|Any CPU.ActiveCfg = Debug|Any CPU
		{D17EAEC6-BC12-4E3C-8C3F-9AA3FEB9C8E9}.test|Any CPU.Build.0 = Debug|Any CPU
		{8C6B0370-2A4E-42A1-BA8B-62FB6ED63D11}.Debug|Any CPU.ActiveCfg = Debug|Any CPU
		{8C6B0370-2A4E-42A1-BA8B-62FB6ED63D11}.Debug|Any CPU.Build.0 = Debug|Any CPU
		{8C6B0370-2A4E-42A1-BA8B-62FB6ED63D11}.Release|Any CPU.ActiveCfg = Release|Any CPU
		{8C6B0370-2A4E-42A1-BA8B-62FB6ED63D11}.Release|Any CPU.Build.0 = Release|Any CPU
		{8C6B0370-2A4E-42A1-BA8B-62FB6ED63D11}.test|Any CPU.ActiveCfg = Debug|Any CPU
		{8C6B0370-2A4E-42A1-BA8B-62FB6ED63D11}.test|Any CPU.Build.0 = Debug|Any CPU
		{35D53684-B39F-462E-814F-BD645F5DAD1E}.Debug|Any CPU.ActiveCfg = Debug|Any CPU
		{35D53684-B39F-462E-814F-BD645F5DAD1E}.Debug|Any CPU.Build.0 = Debug|Any CPU
		{35D53684-B39F-462E-814F-BD645F5DAD1E}.Release|Any CPU.ActiveCfg = Release|Any CPU
		{35D53684-B39F-462E-814F-BD645F5DAD1E}.Release|Any CPU.Build.0 = Release|Any CPU
		{35D53684-B39F-462E-814F-BD645F5DAD1E}.test|Any CPU.ActiveCfg = Release|Any CPU
		{35D53684-B39F-462E-814F-BD645F5DAD1E}.test|Any CPU.Build.0 = Release|Any CPU
		{D65A5AFD-44C6-477E-972D-2596C1C5DCEA}.Debug|Any CPU.ActiveCfg = Debug|Any CPU
		{D65A5AFD-44C6-477E-972D-2596C1C5DCEA}.Debug|Any CPU.Build.0 = Debug|Any CPU
		{D65A5AFD-44C6-477E-972D-2596C1C5DCEA}.Release|Any CPU.ActiveCfg = Release|Any CPU
		{D65A5AFD-44C6-477E-972D-2596C1C5DCEA}.Release|Any CPU.Build.0 = Release|Any CPU
		{D65A5AFD-44C6-477E-972D-2596C1C5DCEA}.test|Any CPU.ActiveCfg = test|Any CPU
		{D65A5AFD-44C6-477E-972D-2596C1C5DCEA}.test|Any CPU.Build.0 = test|Any CPU
		{3495721F-DAF2-424B-B5F9-BBB634B5DA82}.Debug|Any CPU.ActiveCfg = Debug|Any CPU
		{3495721F-DAF2-424B-B5F9-BBB634B5DA82}.Debug|Any CPU.Build.0 = Debug|Any CPU
		{3495721F-DAF2-424B-B5F9-BBB634B5DA82}.Release|Any CPU.ActiveCfg = Release|Any CPU
		{3495721F-DAF2-424B-B5F9-BBB634B5DA82}.Release|Any CPU.Build.0 = Release|Any CPU
		{3495721F-DAF2-424B-B5F9-BBB634B5DA82}.test|Any CPU.ActiveCfg = Debug|Any CPU
		{3495721F-DAF2-424B-B5F9-BBB634B5DA82}.test|Any CPU.Build.0 = Debug|Any CPU
		{5AD2E68C-8972-411D-AE97-62A63BB8CB8A}.Debug|Any CPU.ActiveCfg = Debug|Any CPU
		{5AD2E68C-8972-411D-AE97-62A63BB8CB8A}.Debug|Any CPU.Build.0 = Debug|Any CPU
		{5AD2E68C-8972-411D-AE97-62A63BB8CB8A}.Release|Any CPU.ActiveCfg = Release|Any CPU
		{5AD2E68C-8972-411D-AE97-62A63BB8CB8A}.Release|Any CPU.Build.0 = Release|Any CPU
		{5AD2E68C-8972-411D-AE97-62A63BB8CB8A}.test|Any CPU.ActiveCfg = Debug|Any CPU
		{5AD2E68C-8972-411D-AE97-62A63BB8CB8A}.test|Any CPU.Build.0 = Debug|Any CPU
		{0471A3AA-9CF9-4404-A23D-60A6FA76986F}.Debug|Any CPU.ActiveCfg = Debug|Any CPU
		{0471A3AA-9CF9-4404-A23D-60A6FA76986F}.Debug|Any CPU.Build.0 = Debug|Any CPU
		{0471A3AA-9CF9-4404-A23D-60A6FA76986F}.Release|Any CPU.ActiveCfg = Release|Any CPU
		{0471A3AA-9CF9-4404-A23D-60A6FA76986F}.Release|Any CPU.Build.0 = Release|Any CPU
		{0471A3AA-9CF9-4404-A23D-60A6FA76986F}.test|Any CPU.ActiveCfg = Debug|Any CPU
		{0471A3AA-9CF9-4404-A23D-60A6FA76986F}.test|Any CPU.Build.0 = Debug|Any CPU
		{255299A0-9A84-4A5E-98D4-4C1147ED5ED3}.Debug|Any CPU.ActiveCfg = Debug|Any CPU
		{255299A0-9A84-4A5E-98D4-4C1147ED5ED3}.Debug|Any CPU.Build.0 = Debug|Any CPU
		{255299A0-9A84-4A5E-98D4-4C1147ED5ED3}.Release|Any CPU.ActiveCfg = Release|Any CPU
		{255299A0-9A84-4A5E-98D4-4C1147ED5ED3}.Release|Any CPU.Build.0 = Release|Any CPU
		{255299A0-9A84-4A5E-98D4-4C1147ED5ED3}.test|Any CPU.ActiveCfg = Debug|Any CPU
		{255299A0-9A84-4A5E-98D4-4C1147ED5ED3}.test|Any CPU.Build.0 = Debug|Any CPU
		{FF5744B0-B799-4FA7-B58E-D1BA86FD6DB4}.Debug|Any CPU.ActiveCfg = Debug|Any CPU
		{FF5744B0-B799-4FA7-B58E-D1BA86FD6DB4}.Debug|Any CPU.Build.0 = Debug|Any CPU
		{FF5744B0-B799-4FA7-B58E-D1BA86FD6DB4}.Release|Any CPU.ActiveCfg = Release|Any CPU
		{FF5744B0-B799-4FA7-B58E-D1BA86FD6DB4}.Release|Any CPU.Build.0 = Release|Any CPU
		{FF5744B0-B799-4FA7-B58E-D1BA86FD6DB4}.test|Any CPU.ActiveCfg = Debug|Any CPU
		{FF5744B0-B799-4FA7-B58E-D1BA86FD6DB4}.test|Any CPU.Build.0 = Debug|Any CPU
		{0FA707B2-20CF-449E-919D-80871852A20B}.Debug|Any CPU.ActiveCfg = Debug|Any CPU
		{0FA707B2-20CF-449E-919D-80871852A20B}.Debug|Any CPU.Build.0 = Debug|Any CPU
		{0FA707B2-20CF-449E-919D-80871852A20B}.Release|Any CPU.ActiveCfg = Release|Any CPU
		{0FA707B2-20CF-449E-919D-80871852A20B}.Release|Any CPU.Build.0 = Release|Any CPU
		{0FA707B2-20CF-449E-919D-80871852A20B}.test|Any CPU.ActiveCfg = Debug|Any CPU
		{0FA707B2-20CF-449E-919D-80871852A20B}.test|Any CPU.Build.0 = Debug|Any CPU
		{6E915300-EE6B-4ACF-98A0-E8CE02214520}.Debug|Any CPU.ActiveCfg = Debug|Any CPU
		{6E915300-EE6B-4ACF-98A0-E8CE02214520}.Debug|Any CPU.Build.0 = Debug|Any CPU
		{6E915300-EE6B-4ACF-98A0-E8CE02214520}.Release|Any CPU.ActiveCfg = Release|Any CPU
		{6E915300-EE6B-4ACF-98A0-E8CE02214520}.Release|Any CPU.Build.0 = Release|Any CPU
		{6E915300-EE6B-4ACF-98A0-E8CE02214520}.test|Any CPU.ActiveCfg = Debug|Any CPU
		{6E915300-EE6B-4ACF-98A0-E8CE02214520}.test|Any CPU.Build.0 = Debug|Any CPU
		{DFFA325F-AE0F-49C8-A5C9-EEE235A1BBEF}.Debug|Any CPU.ActiveCfg = Debug|Any CPU
		{DFFA325F-AE0F-49C8-A5C9-EEE235A1BBEF}.Debug|Any CPU.Build.0 = Debug|Any CPU
		{DFFA325F-AE0F-49C8-A5C9-EEE235A1BBEF}.Release|Any CPU.ActiveCfg = Release|Any CPU
		{DFFA325F-AE0F-49C8-A5C9-EEE235A1BBEF}.Release|Any CPU.Build.0 = Release|Any CPU
		{DFFA325F-AE0F-49C8-A5C9-EEE235A1BBEF}.test|Any CPU.ActiveCfg = Debug|Any CPU
		{DFFA325F-AE0F-49C8-A5C9-EEE235A1BBEF}.test|Any CPU.Build.0 = Debug|Any CPU
	EndGlobalSection
	GlobalSection(SolutionProperties) = preSolution
		HideSolutionNode = FALSE
	EndGlobalSection
	GlobalSection(NestedProjects) = preSolution
		{D17EAEC6-BC12-4E3C-8C3F-9AA3FEB9C8E9} = {7EE715EF-6F64-460A-A623-E47DC8B30CC8}
		{8C6B0370-2A4E-42A1-BA8B-62FB6ED63D11} = {49B3F03C-DC38-4E91-AD7C-B70500F3BFCA}
		{35D53684-B39F-462E-814F-BD645F5DAD1E} = {49B3F03C-DC38-4E91-AD7C-B70500F3BFCA}
		{3495721F-DAF2-424B-B5F9-BBB634B5DA82} = {8A21981C-EC4E-4F69-B7E9-13F7D1F60910}
		{5AD2E68C-8972-411D-AE97-62A63BB8CB8A} = {49B3F03C-DC38-4E91-AD7C-B70500F3BFCA}
		{0471A3AA-9CF9-4404-A23D-60A6FA76986F} = {49B3F03C-DC38-4E91-AD7C-B70500F3BFCA}
		{255299A0-9A84-4A5E-98D4-4C1147ED5ED3} = {49B3F03C-DC38-4E91-AD7C-B70500F3BFCA}
		{FF5744B0-B799-4FA7-B58E-D1BA86FD6DB4} = {49B3F03C-DC38-4E91-AD7C-B70500F3BFCA}
		{0FA707B2-20CF-449E-919D-80871852A20B} = {E699F6AE-8BF8-4AEA-898A-634418789EE9}
		{6E915300-EE6B-4ACF-98A0-E8CE02214520} = {BDB69044-E3F8-4A22-82B3-559C18DCC3A6}
		{DFFA325F-AE0F-49C8-A5C9-EEE235A1BBEF} = {49B3F03C-DC38-4E91-AD7C-B70500F3BFCA}
	EndGlobalSection
	GlobalSection(ExtensibilityGlobals) = postSolution
		SolutionGuid = {1E8B772F-4C16-4BEC-AA94-0850E7F3BEAC}
	EndGlobalSection
EndGlobal
